{
  "version": 4,
  "terraform_version": "1.8.1",
  "serial": 17,
  "lineage": "5bbe0f30-3d95-8df2-aab6-513167aef1b8",
  "outputs": {
    "instance_private_ip": {
      "value": [
        "10.0.53.113",
        "10.0.43.37"
      ],
      "type": [
        "tuple",
        [
          "string",
          "string"
        ]
      ]
    },
    "instance_public_ip": {
      "value": [
        "52.40.100.228",
        "18.246.59.81"
      ],
      "type": [
        "tuple",
        [
          "string",
          "string"
        ]
      ]
    }
  },
  "resources": [
    {
      "mode": "data",
      "type": "aws_ami",
      "name": "ubuntu_ami",
      "provider": "provider[\"registry.terraform.io/hashicorp/aws\"]",
      "instances": [
        {
          "schema_version": 0,
          "attributes": {
            "architecture": "x86_64",
            "arn": "arn:aws:ec2:us-west-2::image/ami-0c272455b0778ebeb",
            "block_device_mappings": [
              {
                "device_name": "/dev/sda1",
                "ebs": {
                  "delete_on_termination": "true",
                  "encrypted": "false",
                  "iops": "0",
                  "snapshot_id": "snap-04d9e72e0298ec60e",
                  "throughput": "0",
                  "volume_size": "8",
                  "volume_type": "gp2"
                },
                "no_device": "",
                "virtual_name": ""
              },
              {
                "device_name": "/dev/sdb",
                "ebs": {},
                "no_device": "",
                "virtual_name": "ephemeral0"
              },
              {
                "device_name": "/dev/sdc",
                "ebs": {},
                "no_device": "",
                "virtual_name": "ephemeral1"
              }
            ],
            "boot_mode": "legacy-bios",
            "creation_date": "2024-06-14T22:19:51.000Z",
            "deprecation_time": "2026-06-14T22:19:51.000Z",
            "description": "Canonical, Ubuntu, 20.04 LTS, amd64 focal image build on 2024-06-14",
            "ena_support": true,
            "executable_users": null,
            "filter": [
              {
                "name": "name",
                "values": [
                  "ubuntu/images/hvm-ssd/ubuntu-focal-20.04-amd64-server-*"
                ]
              },
              {
                "name": "virtualization-type",
                "values": [
                  "hvm"
                ]
              }
            ],
            "hypervisor": "xen",
            "id": "ami-0c272455b0778ebeb",
            "image_id": "ami-0c272455b0778ebeb",
            "image_location": "amazon/ubuntu/images/hvm-ssd/ubuntu-focal-20.04-amd64-server-20240614",
            "image_owner_alias": "amazon",
            "image_type": "machine",
            "imds_support": "",
            "include_deprecated": false,
            "kernel_id": "",
            "most_recent": true,
            "name": "ubuntu/images/hvm-ssd/ubuntu-focal-20.04-amd64-server-20240614",
            "name_regex": null,
            "owner_id": "099720109477",
            "owners": [
              "099720109477"
            ],
            "platform": "",
            "platform_details": "Linux/UNIX",
            "product_codes": [],
            "public": true,
            "ramdisk_id": "",
            "root_device_name": "/dev/sda1",
            "root_device_type": "ebs",
            "root_snapshot_id": "snap-04d9e72e0298ec60e",
            "sriov_net_support": "simple",
            "state": "available",
            "state_reason": {
              "code": "UNSET",
              "message": "UNSET"
            },
            "tags": {},
            "timeouts": null,
            "tpm_support": "",
            "usage_operation": "RunInstances",
            "virtualization_type": "hvm"
          },
          "sensitive_attributes": []
        }
      ]
    },
    {
      "mode": "managed",
      "type": "aws_instance",
      "name": "test_env_ec2",
      "provider": "provider[\"registry.terraform.io/hashicorp/aws\"]",
      "instances": [
        {
          "index_key": 0,
          "schema_version": 1,
          "attributes": {
            "ami": "ami-0c272455b0778ebeb",
            "arn": "arn:aws:ec2:us-west-2:533267316558:instance/i-0ee7bf89d0a885872",
            "associate_public_ip_address": true,
            "availability_zone": "us-west-2c",
            "capacity_reservation_specification": [
              {
                "capacity_reservation_preference": "open",
                "capacity_reservation_target": []
              }
            ],
            "cpu_core_count": 1,
            "cpu_options": [
              {
                "amd_sev_snp": "",
                "core_count": 1,
                "threads_per_core": 1
              }
            ],
            "cpu_threads_per_core": 1,
            "credit_specification": [],
            "disable_api_stop": false,
            "disable_api_termination": false,
            "ebs_block_device": [],
            "ebs_optimized": false,
            "enclave_options": [
              {
                "enabled": false
              }
            ],
            "ephemeral_block_device": [],
            "get_password_data": false,
            "hibernation": false,
            "host_id": "",
            "host_resource_group_arn": null,
            "iam_instance_profile": "",
            "id": "i-0ee7bf89d0a885872",
            "instance_initiated_shutdown_behavior": "stop",
            "instance_lifecycle": "",
            "instance_market_options": [],
            "instance_state": "running",
            "instance_type": "m1.small",
            "ipv6_address_count": 0,
            "ipv6_addresses": [],
            "key_name": "",
            "launch_template": [],
            "maintenance_options": [
              {
                "auto_recovery": "default"
              }
            ],
            "metadata_options": [
              {
                "http_endpoint": "enabled",
                "http_protocol_ipv6": "disabled",
                "http_put_response_hop_limit": 1,
                "http_tokens": "optional",
                "instance_metadata_tags": "disabled"
              }
            ],
            "monitoring": false,
            "network_interface": [],
            "outpost_arn": "",
            "password_data": "",
            "placement_group": "",
            "placement_partition_number": 0,
            "primary_network_interface_id": "eni-07f5c3c4386f07dba",
            "private_dns": "ip-10-0-53-113.us-west-2.compute.internal",
            "private_dns_name_options": [
              {
                "enable_resource_name_dns_a_record": false,
                "enable_resource_name_dns_aaaa_record": false,
                "hostname_type": "ip-name"
              }
            ],
            "private_ip": "10.0.53.113",
            "public_dns": "ec2-52-40-100-228.us-west-2.compute.amazonaws.com",
            "public_ip": "52.40.100.228",
            "root_block_device": [
              {
                "delete_on_termination": true,
                "device_name": "/dev/sda1",
                "encrypted": false,
                "iops": 100,
                "kms_key_id": "",
                "tags": {},
                "throughput": 0,
                "volume_id": "vol-0d1910c6bf6ddfd08",
                "volume_size": 8,
                "volume_type": "gp2"
              }
            ],
            "secondary_private_ips": [],
            "security_groups": [
              "sg-026f54ec13c7f4117"
            ],
            "source_dest_check": true,
            "spot_instance_request_id": "",
            "subnet_id": "subnet-01d833b7f88208c1a",
            "tags": {
              "Name": "main_server"
            },
            "tags_all": {
              "Name": "main_server"
            },
            "tenancy": "default",
            "timeouts": null,
            "user_data": null,
            "user_data_base64": null,
            "user_data_replace_on_change": false,
            "volume_tags": null,
            "vpc_security_group_ids": [
              "sg-026f54ec13c7f4117"
            ]
          },
          "sensitive_attributes": [],
          "private": "eyJlMmJmYjczMC1lY2FhLTExZTYtOGY4OC0zNDM2M2JjN2M0YzAiOnsiY3JlYXRlIjo2MDAwMDAwMDAwMDAsImRlbGV0ZSI6MTIwMDAwMDAwMDAwMCwidXBkYXRlIjo2MDAwMDAwMDAwMDB9LCJzY2hlbWFfdmVyc2lvbiI6IjEifQ==",
          "dependencies": [
            "aws_security_group.security",
            "aws_subnet.subnet",
            "aws_vpc.test_env",
            "data.aws_ami.ubuntu_ami"
          ]
        },
        {
          "index_key": 1,
          "schema_version": 1,
          "attributes": {
            "ami": "ami-0c272455b0778ebeb",
            "arn": "arn:aws:ec2:us-west-2:533267316558:instance/i-0bd2e198165d43b0a",
            "associate_public_ip_address": true,
            "availability_zone": "us-west-2c",
            "capacity_reservation_specification": [
              {
                "capacity_reservation_preference": "open",
                "capacity_reservation_target": []
              }
            ],
            "cpu_core_count": 1,
            "cpu_options": [
              {
                "amd_sev_snp": "",
                "core_count": 1,
                "threads_per_core": 1
              }
            ],
            "cpu_threads_per_core": 1,
            "credit_specification": [],
            "disable_api_stop": false,
            "disable_api_termination": false,
            "ebs_block_device": [],
            "ebs_optimized": false,
            "enclave_options": [
              {
                "enabled": false
              }
            ],
            "ephemeral_block_device": [],
            "get_password_data": false,
            "hibernation": false,
            "host_id": "",
            "host_resource_group_arn": null,
            "iam_instance_profile": "",
            "id": "i-0bd2e198165d43b0a",
            "instance_initiated_shutdown_behavior": "stop",
            "instance_lifecycle": "",
            "instance_market_options": [],
            "instance_state": "running",
            "instance_type": "m1.small",
            "ipv6_address_count": 0,
            "ipv6_addresses": [],
            "key_name": "",
            "launch_template": [],
            "maintenance_options": [
              {
                "auto_recovery": "default"
              }
            ],
            "metadata_options": [
              {
                "http_endpoint": "enabled",
                "http_protocol_ipv6": "disabled",
                "http_put_response_hop_limit": 1,
                "http_tokens": "optional",
                "instance_metadata_tags": "disabled"
              }
            ],
            "monitoring": false,
            "network_interface": [],
            "outpost_arn": "",
            "password_data": "",
            "placement_group": "",
            "placement_partition_number": 0,
            "primary_network_interface_id": "eni-0848e9f718505872f",
            "private_dns": "ip-10-0-43-37.us-west-2.compute.internal",
            "private_dns_name_options": [
              {
                "enable_resource_name_dns_a_record": false,
                "enable_resource_name_dns_aaaa_record": false,
                "hostname_type": "ip-name"
              }
            ],
            "private_ip": "10.0.43.37",
            "public_dns": "ec2-18-246-59-81.us-west-2.compute.amazonaws.com",
            "public_ip": "18.246.59.81",
            "root_block_device": [
              {
                "delete_on_termination": true,
                "device_name": "/dev/sda1",
                "encrypted": false,
                "iops": 100,
                "kms_key_id": "",
                "tags": {},
                "throughput": 0,
                "volume_id": "vol-0cd91dd3434db1d34",
                "volume_size": 8,
                "volume_type": "gp2"
              }
            ],
            "secondary_private_ips": [],
            "security_groups": [
              "sg-026f54ec13c7f4117"
            ],
            "source_dest_check": true,
            "spot_instance_request_id": "",
            "subnet_id": "subnet-01d833b7f88208c1a",
            "tags": {
              "Name": "test_server"
            },
            "tags_all": {
              "Name": "test_server"
            },
            "tenancy": "default",
            "timeouts": null,
            "user_data": null,
            "user_data_base64": null,
            "user_data_replace_on_change": false,
            "volume_tags": null,
            "vpc_security_group_ids": [
              "sg-026f54ec13c7f4117"
            ]
          },
          "sensitive_attributes": [],
          "private": "eyJlMmJmYjczMC1lY2FhLTExZTYtOGY4OC0zNDM2M2JjN2M0YzAiOnsiY3JlYXRlIjo2MDAwMDAwMDAwMDAsImRlbGV0ZSI6MTIwMDAwMDAwMDAwMCwidXBkYXRlIjo2MDAwMDAwMDAwMDB9LCJzY2hlbWFfdmVyc2lvbiI6IjEifQ==",
          "dependencies": [
            "aws_security_group.security",
            "aws_subnet.subnet",
            "aws_vpc.test_env",
            "data.aws_ami.ubuntu_ami"
          ]
        }
      ]
    },
    {
      "mode": "managed",
      "type": "aws_internet_gateway",
      "name": "test_env_gw",
      "provider": "provider[\"registry.terraform.io/hashicorp/aws\"]",
      "instances": [
        {
          "schema_version": 0,
          "attributes": {
            "arn": "arn:aws:ec2:us-west-2:533267316558:internet-gateway/igw-0e34a4764d9b4a29b",
            "id": "igw-0e34a4764d9b4a29b",
            "owner_id": "533267316558",
            "tags": {},
            "tags_all": {},
            "timeouts": null,
            "vpc_id": "vpc-0259240c2f9654612"
          },
          "sensitive_attributes": [],
          "private": "eyJlMmJmYjczMC1lY2FhLTExZTYtOGY4OC0zNDM2M2JjN2M0YzAiOnsiY3JlYXRlIjoxMjAwMDAwMDAwMDAwLCJkZWxldGUiOjEyMDAwMDAwMDAwMDAsInVwZGF0ZSI6MTIwMDAwMDAwMDAwMH19",
          "dependencies": [
            "aws_vpc.test_env"
          ]
        }
      ]
    },
    {
      "mode": "managed",
      "type": "aws_key_pair",
      "name": "tf_key",
      "provider": "provider[\"registry.terraform.io/hashicorp/aws\"]",
      "instances": [
        {
          "schema_version": 1,
          "attributes": {
            "arn": "arn:aws:ec2:us-west-2:533267316558:key-pair/terraform-20240615195354344300000001",
            "fingerprint": "37:3e:0f:96:a9:76:d8:4b:ff:79:46:b6:f0:d7:d3:80",
            "id": "terraform-20240615195354344300000001",
            "key_name": "terraform-20240615195354344300000001",
            "key_name_prefix": "terraform-",
            "key_pair_id": "key-052833c0109989280",
            "key_type": "rsa",
            "public_key": "ssh-rsa AAAAB3NzaC1yc2EAAAADAQABAAACAQDEke/Q270NnCYcifbHHMxDPDL627MsiavIJtcXJXbyIUjhuTohsXIeJiVE1+7EN5NRcNn+PNZHMneYHl15os2faJsWvd+GEgNcMPcs3iJ20BGD4Y2LjEYRbUQZALSWBooh5wGyh/X1IjU0rO4qmjdw9QZicXci+dZ7knVJ6zmcVi4VyqWe0OHsLkGryWHs2ZlvcwbOdhBYrUq5c4Ml5fOogz89oh6XQgwtJ0LMcgPR13JvPZH+9Yum5UWp0aLNTD75WWjuJVCeGCGncr+CFhGUW5tZedUJIzdeGPvFwtc+U9PJleCbqeBIXIt7D9OSgRnp5bAkOFvfBDWZtwMISY9LnpAkRnZMGWA7r15zy6Ynhd0md3RYQOU3xaZanzVlqFMiooKdszvh+OI0fWjLSqE6VcnlN3x0ICfebVHiZVz443a6aJ6XDkPbA3nBlCtOJhbwXQQPY///afmFSgUNG2dTkXlEccj7tOo+f5ua0eMX+Ua5AjGJgpOWUmX909bvX6emLP9o1L43pza6DsmKcV8l98eS3Ifz79cF6Puz+MvlXzwEtKU3QBeWvPUKP3t3gxYT8PAw6nCu2z1RYLM2fZ2gD6qUvIbqvNTitzHEKmqLyY8S3JbqocvXLnM5jAJZ8tRCvdSY4A8NJUSepBYCPiPdiB4nQJvA3V59kyq9uG3xTQ==",
            "tags": {},
            "tags_all": {}
          },
          "sensitive_attributes": [],
          "private": "eyJzY2hlbWFfdmVyc2lvbiI6IjEifQ==",
          "dependencies": [
            "tls_private_key.rsa"
          ]
        }
      ]
    },
    {
      "mode": "managed",
      "type": "aws_route_table",
      "name": "route_table_test_env",
      "provider": "provider[\"registry.terraform.io/hashicorp/aws\"]",
      "instances": [
        {
          "schema_version": 0,
          "attributes": {
            "arn": "arn:aws:ec2:us-west-2:533267316558:route-table/rtb-0e1c0def9e13d945c",
            "id": "rtb-0e1c0def9e13d945c",
            "owner_id": "533267316558",
            "propagating_vgws": [],
            "route": [
              {
                "carrier_gateway_id": "",
                "cidr_block": "0.0.0.0/0",
                "core_network_arn": "",
                "destination_prefix_list_id": "",
                "egress_only_gateway_id": "",
                "gateway_id": "igw-0e34a4764d9b4a29b",
                "ipv6_cidr_block": "",
                "local_gateway_id": "",
                "nat_gateway_id": "",
                "network_interface_id": "",
                "transit_gateway_id": "",
                "vpc_endpoint_id": "",
                "vpc_peering_connection_id": ""
              }
            ],
            "tags": {},
            "tags_all": {},
            "timeouts": null,
            "vpc_id": "vpc-0259240c2f9654612"
          },
          "sensitive_attributes": [],
          "private": "eyJlMmJmYjczMC1lY2FhLTExZTYtOGY4OC0zNDM2M2JjN2M0YzAiOnsiY3JlYXRlIjozMDAwMDAwMDAwMDAsImRlbGV0ZSI6MzAwMDAwMDAwMDAwLCJ1cGRhdGUiOjEyMDAwMDAwMDAwMH19",
          "dependencies": [
            "aws_internet_gateway.test_env_gw",
            "aws_vpc.test_env"
          ]
        }
      ]
    },
    {
      "mode": "managed",
      "type": "aws_route_table_association",
      "name": "subnet_association",
      "provider": "provider[\"registry.terraform.io/hashicorp/aws\"]",
      "instances": [
        {
          "schema_version": 0,
          "attributes": {
            "gateway_id": "",
            "id": "rtbassoc-0c0359b12a4eb0a77",
            "route_table_id": "rtb-0e1c0def9e13d945c",
            "subnet_id": "subnet-01d833b7f88208c1a",
            "timeouts": null
          },
          "sensitive_attributes": [],
          "private": "eyJlMmJmYjczMC1lY2FhLTExZTYtOGY4OC0zNDM2M2JjN2M0YzAiOnsiY3JlYXRlIjozMDAwMDAwMDAwMDAsImRlbGV0ZSI6MzAwMDAwMDAwMDAwLCJ1cGRhdGUiOjEyMDAwMDAwMDAwMH19",
          "dependencies": [
            "aws_internet_gateway.test_env_gw",
            "aws_route_table.route_table_test_env",
            "aws_subnet.subnet",
            "aws_vpc.test_env"
          ]
        }
      ]
    },
    {
      "mode": "managed",
      "type": "aws_security_group",
      "name": "security",
      "provider": "provider[\"registry.terraform.io/hashicorp/aws\"]",
      "instances": [
        {
          "schema_version": 1,
          "attributes": {
            "arn": "arn:aws:ec2:us-west-2:533267316558:security-group/sg-026f54ec13c7f4117",
            "description": "Managed by Terraform",
            "egress": [
              {
                "cidr_blocks": [
                  "0.0.0.0/0"
                ],
                "description": "",
                "from_port": 0,
                "ipv6_cidr_blocks": [],
                "prefix_list_ids": [],
                "protocol": "-1",
                "security_groups": [],
                "self": false,
                "to_port": 0
              }
            ],
            "id": "sg-026f54ec13c7f4117",
            "ingress": [
              {
                "cidr_blocks": [
                  "0.0.0.0/0"
                ],
                "description": "",
                "from_port": 22,
                "ipv6_cidr_blocks": [],
                "prefix_list_ids": [],
                "protocol": "tcp",
                "security_groups": [],
                "self": false,
                "to_port": 22
              }
            ],
            "name": "allow-all",
            "name_prefix": "",
            "owner_id": "533267316558",
            "revoke_rules_on_delete": false,
            "tags": {},
            "tags_all": {},
            "timeouts": null,
            "vpc_id": "vpc-0259240c2f9654612"
          },
          "sensitive_attributes": [],
          "private": "eyJlMmJmYjczMC1lY2FhLTExZTYtOGY4OC0zNDM2M2JjN2M0YzAiOnsiY3JlYXRlIjo2MDAwMDAwMDAwMDAsImRlbGV0ZSI6OTAwMDAwMDAwMDAwfSwic2NoZW1hX3ZlcnNpb24iOiIxIn0=",
          "dependencies": [
            "aws_vpc.test_env"
          ]
        }
      ]
    },
    {
      "mode": "managed",
      "type": "aws_subnet",
      "name": "subnet",
      "provider": "provider[\"registry.terraform.io/hashicorp/aws\"]",
      "instances": [
        {
          "schema_version": 1,
          "attributes": {
            "arn": "arn:aws:ec2:us-west-2:533267316558:subnet/subnet-01d833b7f88208c1a",
            "assign_ipv6_address_on_creation": false,
            "availability_zone": "us-west-2c",
            "availability_zone_id": "usw2-az3",
            "cidr_block": "10.0.32.0/19",
            "customer_owned_ipv4_pool": "",
            "enable_dns64": false,
            "enable_lni_at_device_index": 0,
            "enable_resource_name_dns_a_record_on_launch": false,
            "enable_resource_name_dns_aaaa_record_on_launch": false,
            "id": "subnet-01d833b7f88208c1a",
            "ipv6_cidr_block": "",
            "ipv6_cidr_block_association_id": "",
            "ipv6_native": false,
            "map_customer_owned_ip_on_launch": false,
            "map_public_ip_on_launch": false,
            "outpost_arn": "",
            "owner_id": "533267316558",
            "private_dns_hostname_type_on_launch": "ip-name",
            "tags": {},
            "tags_all": {},
            "timeouts": null,
            "vpc_id": "vpc-0259240c2f9654612"
          },
          "sensitive_attributes": [],
          "private": "eyJlMmJmYjczMC1lY2FhLTExZTYtOGY4OC0zNDM2M2JjN2M0YzAiOnsiY3JlYXRlIjo2MDAwMDAwMDAwMDAsImRlbGV0ZSI6MTIwMDAwMDAwMDAwMH0sInNjaGVtYV92ZXJzaW9uIjoiMSJ9",
          "dependencies": [
            "aws_vpc.test_env"
          ]
        }
      ]
    },
    {
      "mode": "managed",
      "type": "aws_vpc",
      "name": "test_env",
      "provider": "provider[\"registry.terraform.io/hashicorp/aws\"]",
      "instances": [
        {
          "schema_version": 1,
          "attributes": {
            "arn": "arn:aws:ec2:us-west-2:533267316558:vpc/vpc-0259240c2f9654612",
            "assign_generated_ipv6_cidr_block": false,
            "cidr_block": "10.0.0.0/16",
            "default_network_acl_id": "acl-09958fa0d8eb5a593",
            "default_route_table_id": "rtb-0af4ef1c3d2ad9cc5",
            "default_security_group_id": "sg-0b3156a3000e0e19f",
            "dhcp_options_id": "dopt-023d67c28de89efc6",
            "enable_dns_hostnames": true,
            "enable_dns_support": true,
            "enable_network_address_usage_metrics": false,
            "id": "vpc-0259240c2f9654612",
            "instance_tenancy": "default",
            "ipv4_ipam_pool_id": null,
            "ipv4_netmask_length": null,
            "ipv6_association_id": "",
            "ipv6_cidr_block": "",
            "ipv6_cidr_block_network_border_group": "",
            "ipv6_ipam_pool_id": "",
            "ipv6_netmask_length": 0,
            "main_route_table_id": "rtb-0af4ef1c3d2ad9cc5",
            "owner_id": "533267316558",
            "tags": {
              "Name": "test_env"
            },
            "tags_all": {
              "Name": "test_env"
            }
          },
          "sensitive_attributes": [],
          "private": "eyJzY2hlbWFfdmVyc2lvbiI6IjEifQ=="
        }
      ]
    },
    {
      "mode": "managed",
      "type": "local_file",
      "name": "tf_key",
      "provider": "provider[\"registry.terraform.io/hashicorp/local\"]",
      "instances": [
        {
          "schema_version": 0,
          "attributes": {
            "content": "-----BEGIN RSA PRIVATE KEY-----\nMIIJKQIBAAKCAgEAxJHv0Nu9DZwmHIn2xxzMQzwy+tuzLImryCbXFyV28iFI4bk6\nIbFyHiYlRNfuxDeTUXDZ/jzWRzJ3mB5deaLNn2ibFr3fhhIDXDD3LN4idtARg+GN\ni4xGEW1EGQC0lgaKIecBsof19SI1NKzuKpo3cPUGYnF3IvnWe5J1Ses5nFYuFcql\nntDh7C5Bq8lh7NmZb3MGznYQWK1KuXODJeXzqIM/PaIel0IMLSdCzHID0ddybz2R\n/vWLpuVFqdGizUw++Vlo7iVQnhghp3K/ghYRlFubWXnVCSM3Xhj7xcLXPlPTyZXg\nm6ngSFyLew/TkoEZ6eWwJDhb3wQ1mbcDCEmPS56QJEZ2TBlgO69ec8umJ4XdJnd0\nWEDlN8WmWp81ZahTIqKCnbM74fjiNH1oy0qhOlXJ5Td8dCAn3m1R4mVc+ON2umie\nlw5D2wN5wZQrTiYW8F0ED2P//2n5hUoFDRtnU5F5RHHI+7TqPn+bmtHjF/lGuQIx\niYKTllJl/dPW71+npiz/aNS+N6c2ug7JinFfJffHktyH8+/XBej7s/jL5V88BLSl\nN0AXlrz1Cj97d4MWE/DwMOpwrts9UWCzNn2doA+qlLyG6rzU4rcxxCpqi8mPEtyW\n6qHL1y5zOYwCWfLUQr3UmOAPDSVEnqQWAj4j3YgeJ0CbwN1efZMqvbht8U0CAwEA\nAQKCAgEAvJRpJsz4dQsdwPlWp7Tn/YTOP73wCcVV6OHiLdGCaE4oVmzV6ScMHQJp\ndL9X0CSlD1eduvtwcsNm2qge8yeN7uVzDAFCZKP5V0OejgvZsnRwqT4FBiCfw+44\ni2gS128Uq+urxDQNcYvM0Wkp3/MtRw+6fUzvh7151/kszqp9DY/cDInqFA++/k9u\nLzk22fvz6GjI2d+IVRqC+qFn6z7NYBfx3tYeVOxHNDZbLjofkfwIS9IcsyWsQYPp\nLj7w2dXRAHSXZwija9goyTUbptg3K0YrJk7sYyTG5F5BhHsk9iWDo/xGi/AQPDuU\nkI4hYoa6bpstPcJX2P930K0zmoq/jZH3qngB8Lc2L5Q4ojHpYbZRyIg7wJ4JjH6t\nDfdqcIVb+iSpccSiepluKck2gD099aTCh+ii+U4O6ldyguXZXMzh+Ca9uAW4gIhf\nuMsoNDo/I2Yo4uVyK8AKIEVCUkdZgJ/14JZy+VlHQykRgtUdYgVWnYFE99CB4//f\nXbU0n3FQlQ4iY+2Z5/S2k/2tRf2OHje9T8NgbKkoIF5NwvjsDsKzUwpJeWS63jZ4\nj039ninyAklgpH+airztZw4JT8EXJtDGRYlOS+tkefyoRZ8ocXlHDf4hO4/VTBo8\np5spcMecY5Aq5/+iMph9ewD3KTF8t5WjvKyW+UUDO8fpPqeH0AECggEBAPxv1Lc6\nsh9tF1H5XR7s0YUDWDHqtQB4EOj0BSldeMaSiYdrUWiiG/iF/XIlOh3Q4zEbhNym\n9ctn3eeS4kJvQOnwKLrffCQHm1bZor86hhjpnMofa3bIdQ/z+3qlPG70giMcVtgx\nNbBa0Yf4L3K5+HfE0OieL3ee8q6sNjW12EVhVqXtiOQeDZMvrRNLzLMuL9N8WsJm\n4IbnP8ZVnn98kRBLKxCAMrf5+Co4viLe3221ZTEhqoxswTlV8Jm6NrZzOiuOQaOO\nkdbVO/PEzel/ymBnZKWsadI+oykUcCXYllm4xPrhi/CkbDupq0c9/CMw9oYOOicQ\nw8x1DraEWYHIxU0CggEBAMdYO9qS6oe/Q+9kmSiDdfN7PK8RGpDH2+WpBwJLi6qw\nTylBChGnIsRvFAze/5J1fTC9ppMeF5XswKHFr1LtxeQKTPY4HwBNRHR60aQYsNEH\nRhdYKIdAz5cNh6FQE2j+WOL0Px4/Hwc5iAbJUsKDaIybvwyroo/ZVh6STFYk8pRp\n0HrBVAD4Wd6MM1lWthKSnjnoiAO3wc+IOGjxK0I9cZKZlBHTclH4G2oJJszv3ivk\nuhZc/GvOV+GsmVsVVLQxHurkzCzirkqYtYsJHVPzss6EkCPjV6EaKWIufBpIYiuT\n9b5+OYGENtVzNoDRD4Mn/jP882W50mHqkNoUo3nz3AECggEBANBaTSveml4t4G2c\ncCuyM0yh8g1hN3vnna1om0oFCEZ9dF39SfgetQ9vKD0qVMl/O8WwfPzSIVV9qT4V\nkgJbaSytODDlfMUQMjqA7z7+wueVCgAZ5sznrxc3vX0BHNxHm5H3NgbCtxmUHBUp\n15/NtzLDk9orleoZmxxor2WtbY/2Q1o4sB/4XiP52dRvX8kUeg0IOrDx0KgH/i9p\nQ6Td362fHTBFX5dSDm5q3yRQ6ADZE2h17RpyORllwWxgsf/tIzoH9E1WwzCaVx1g\ndsQe4Z6oN/42TDFn2atyXw4dshrj0lFwD9zTGTI1XFU06ALzysXiwES2JaV/iGFE\n48unNpECggEAIWOM+uo6sCwAE/vUj22ddv/ARU5nFbL0CP6Ltv2yUg+f4rgLGLPW\n5fH4+MLtKbnWEzDg0qlqp+j0xuPWntxGlhCHnYH+500J1zyvGn4sN4axXb2dZDId\n0x4oBoPkDGT1vGXOoKFP8CTZvNFBtGTQQSThFh01aESt4Qb+FDuyCdvDWJxDFrqC\nSv1OqHsWmfvG1so05fKEWt9lG2axqTGjcTuaCnZRIpuc8+C+h/rxSobQCGjguqng\nHGONeC0Vd+z2Ub+q1yXMrZ/wYG5RZDtgSqj3f5tXlRtNrS0+CiTvlH7+3T5FIYVk\nrdHTYjYiFATB1jFbD0HVlCL2yiBE1WtcAQKCAQAHDtail5svSj8bX7OGnDR0aFaW\nI5GayZeCOhGeWCttiF/X7rUAQXk98blpcCbpe0Ym5pMwowSKxOUAt9L18dxprv5s\n9Mmz6I605LkxX8p1SNyTZEfyin+ViFZD7q1HTAno19htHdOC1IzQS4esimOP3uXk\no/HYzpUkyPhaUPKKn/0xRL5jV5b2WnOherNXHG54rvegDa2rQlpeTR2/zgDdG8Dl\nqaCDShkyLfS6vt7JHOgJDgun4VLzDd6dCpMeD6inGbualwWK+h0xIGwe1t6UAUb8\njmiVWDHQzU75uqRlM2X4aULRnCEtkaEgrFol08s3sXlBZFUf3+Tjv4azmqUs\n-----END RSA PRIVATE KEY-----\n",
            "content_base64": null,
            "content_base64sha256": "3sFtrRIhBIvzATFM9u6L0yRsppmP3MY0K7LGutDCogo=",
            "content_base64sha512": "Y3j5uFM/a1RRhLOAnxjowH2vmBP1gmsBalXK36S32pHb/tT2hAr4wFqoVXPz1ZrLuIraQfbwXGUVrR+35UM1tg==",
            "content_md5": "c75441da282471163acd2e6db0818dd8",
            "content_sha1": "708a499e886878d1dc281f4f1956f3c10fc79a64",
            "content_sha256": "dec16dad1221048bf301314cf6ee8bd3246ca6998fdcc6342bb2c6bad0c2a20a",
            "content_sha512": "6378f9b8533f6b545184b3809f18e8c07daf9813f5826b016a55cadfa4b7da91dbfed4f6840af8c05aa85573f3d59acbb88ada41f6f05c6515ad1fb7e54335b6",
            "directory_permission": "0777",
            "file_permission": "0777",
            "filename": "terraform_ec2_key.pub",
            "id": "708a499e886878d1dc281f4f1956f3c10fc79a64",
            "sensitive_content": null,
            "source": null
          },
          "sensitive_attributes": [
            [
              {
                "type": "get_attr",
                "value": "sensitive_content"
              }
            ],
            [
              {
                "type": "get_attr",
                "value": "content"
              }
            ]
          ],
          "dependencies": [
            "tls_private_key.rsa"
          ]
        }
      ]
    },
    {
      "mode": "managed",
      "type": "tls_private_key",
      "name": "rsa",
      "provider": "provider[\"registry.terraform.io/hashicorp/tls\"]",
      "instances": [
        {
          "schema_version": 1,
          "attributes": {
            "algorithm": "RSA",
            "ecdsa_curve": "P224",
            "id": "291bf1b718c2b310acb43a2bbf6167af90047e3a",
            "private_key_openssh": "-----BEGIN OPENSSH PRIVATE KEY-----\nb3BlbnNzaC1rZXktdjEAAAAABG5vbmUAAAAEbm9uZQAAAAAAAAABAAACFwAAAAdz\nc2gtcnNhAAAAAwEAAQAAAgEAxJHv0Nu9DZwmHIn2xxzMQzwy+tuzLImryCbXFyV2\n8iFI4bk6IbFyHiYlRNfuxDeTUXDZ/jzWRzJ3mB5deaLNn2ibFr3fhhIDXDD3LN4i\ndtARg+GNi4xGEW1EGQC0lgaKIecBsof19SI1NKzuKpo3cPUGYnF3IvnWe5J1Ses5\nnFYuFcqlntDh7C5Bq8lh7NmZb3MGznYQWK1KuXODJeXzqIM/PaIel0IMLSdCzHID\n0ddybz2R/vWLpuVFqdGizUw++Vlo7iVQnhghp3K/ghYRlFubWXnVCSM3Xhj7xcLX\nPlPTyZXgm6ngSFyLew/TkoEZ6eWwJDhb3wQ1mbcDCEmPS56QJEZ2TBlgO69ec8um\nJ4XdJnd0WEDlN8WmWp81ZahTIqKCnbM74fjiNH1oy0qhOlXJ5Td8dCAn3m1R4mVc\n+ON2umielw5D2wN5wZQrTiYW8F0ED2P//2n5hUoFDRtnU5F5RHHI+7TqPn+bmtHj\nF/lGuQIxiYKTllJl/dPW71+npiz/aNS+N6c2ug7JinFfJffHktyH8+/XBej7s/jL\n5V88BLSlN0AXlrz1Cj97d4MWE/DwMOpwrts9UWCzNn2doA+qlLyG6rzU4rcxxCpq\ni8mPEtyW6qHL1y5zOYwCWfLUQr3UmOAPDSVEnqQWAj4j3YgeJ0CbwN1efZMqvbht\n8U0AAAc49eEDVfXhA1UAAAAHc3NoLXJzYQAAAgEAxJHv0Nu9DZwmHIn2xxzMQzwy\n+tuzLImryCbXFyV28iFI4bk6IbFyHiYlRNfuxDeTUXDZ/jzWRzJ3mB5deaLNn2ib\nFr3fhhIDXDD3LN4idtARg+GNi4xGEW1EGQC0lgaKIecBsof19SI1NKzuKpo3cPUG\nYnF3IvnWe5J1Ses5nFYuFcqlntDh7C5Bq8lh7NmZb3MGznYQWK1KuXODJeXzqIM/\nPaIel0IMLSdCzHID0ddybz2R/vWLpuVFqdGizUw++Vlo7iVQnhghp3K/ghYRlFub\nWXnVCSM3Xhj7xcLXPlPTyZXgm6ngSFyLew/TkoEZ6eWwJDhb3wQ1mbcDCEmPS56Q\nJEZ2TBlgO69ec8umJ4XdJnd0WEDlN8WmWp81ZahTIqKCnbM74fjiNH1oy0qhOlXJ\n5Td8dCAn3m1R4mVc+ON2umielw5D2wN5wZQrTiYW8F0ED2P//2n5hUoFDRtnU5F5\nRHHI+7TqPn+bmtHjF/lGuQIxiYKTllJl/dPW71+npiz/aNS+N6c2ug7JinFfJffH\nktyH8+/XBej7s/jL5V88BLSlN0AXlrz1Cj97d4MWE/DwMOpwrts9UWCzNn2doA+q\nlLyG6rzU4rcxxCpqi8mPEtyW6qHL1y5zOYwCWfLUQr3UmOAPDSVEnqQWAj4j3Yge\nJ0CbwN1efZMqvbht8U0AAAADAQABAAACAQC8lGkmzPh1Cx3A+VantOf9hM4/vfAJ\nxVXo4eIt0YJoTihWbNXpJwwdAml0v1fQJKUPV526+3Byw2baqB7zJ43u5XMMAUJk\no/lXQ56OC9mydHCpPgUGIJ/D7jiLaBLXbxSr66vENA1xi8zRaSnf8y1HD7p9TO+H\nvXnX+SzOqn0Nj9wMieoUD77+T24vOTbZ+/PoaMjZ34hVGoL6oWfrPs1gF/He1h5U\n7Ec0NlsuOh+R/AhL0hyzJaxBg+kuPvDZ1dEAdJdnCKNr2CjJNRum2DcrRismTuxj\nJMbkXkGEeyT2JYOj/EaL8BA8O5SQjiFihrpumy09wlfY/3fQrTOair+NkfeqeAHw\ntzYvlDiiMelhtlHIiDvAngmMfq0N92pwhVv6JKlxxKJ6mW4pyTaAPT31pMKH6KL5\nTg7qV3KC5dlczOH4Jr24BbiAiF+4yyg0Oj8jZiji5XIrwAogRUJSR1mAn/XglnL5\nWUdDKRGC1R1iBVadgUT30IHj/99dtTSfcVCVDiJj7Znn9LaT/a1F/Y4eN71Pw2Bs\nqSggXk3C+OwOwrNTCkl5ZLreNniPTf2eKfICSWCkf5qKvO1nDglPwRcm0MZFiU5L\n62R5/KhFnyhxeUcN/iE7j9VMGjynmylwx5xjkCrn/6IymH17APcpMXy3laO8rJb5\nRQM7x+k+p4fQAQAAAQAHDtail5svSj8bX7OGnDR0aFaWI5GayZeCOhGeWCttiF/X\n7rUAQXk98blpcCbpe0Ym5pMwowSKxOUAt9L18dxprv5s9Mmz6I605LkxX8p1SNyT\nZEfyin+ViFZD7q1HTAno19htHdOC1IzQS4esimOP3uXko/HYzpUkyPhaUPKKn/0x\nRL5jV5b2WnOherNXHG54rvegDa2rQlpeTR2/zgDdG8DlqaCDShkyLfS6vt7JHOgJ\nDgun4VLzDd6dCpMeD6inGbualwWK+h0xIGwe1t6UAUb8jmiVWDHQzU75uqRlM2X4\naULRnCEtkaEgrFol08s3sXlBZFUf3+Tjv4azmqUsAAABAQD8b9S3OrIfbRdR+V0e\n7NGFA1gx6rUAeBDo9AUpXXjGkomHa1Foohv4hf1yJTod0OMxG4TcpvXLZ93nkuJC\nb0Dp8Ci633wkB5tW2aK/OoYY6ZzKH2t2yHUP8/t6pTxu9IIjHFbYMTWwWtGH+C9y\nufh3xNDoni93nvKurDY1tdhFYVal7YjkHg2TL60TS8yzLi/TfFrCZuCG5z/GVZ5/\nfJEQSysQgDK3+fgqOL4i3t9ttWUxIaqMbME5VfCZuja2czorjkGjjpHW1TvzxM3p\nf8pgZ2SlrGnSPqMpFHAl2JZZuMT64YvwpGw7qatHPfwjMPaGDjonEMPMdQ62hFmB\nyMVNAAABAQDHWDvakuqHv0PvZJkog3XzezyvERqQx9vlqQcCS4uqsE8pQQoRpyLE\nbxQM3v+SdX0wvaaTHheV7MChxa9S7cXkCkz2OB8ATUR0etGkGLDRB0YXWCiHQM+X\nDYehUBNo/lji9D8ePx8HOYgGyVLCg2iMm78Mq6KP2VYekkxWJPKUadB6wVQA+Fne\njDNZVrYSkp456IgDt8HPiDho8StCPXGSmZQR03JR+BtqCSbM794r5LoWXPxrzlfh\nrJlbFVS0MR7q5Mws4q5KmLWLCR1T87LOhJAj41ehGiliLnwaSGIrk/W+fjmBhDbV\nczaA0Q+DJ/4z/PNludJh6pDaFKN589wBAAAAAAEC\n-----END OPENSSH PRIVATE KEY-----\n",
            "private_key_pem": "-----BEGIN RSA PRIVATE KEY-----\nMIIJKQIBAAKCAgEAxJHv0Nu9DZwmHIn2xxzMQzwy+tuzLImryCbXFyV28iFI4bk6\nIbFyHiYlRNfuxDeTUXDZ/jzWRzJ3mB5deaLNn2ibFr3fhhIDXDD3LN4idtARg+GN\ni4xGEW1EGQC0lgaKIecBsof19SI1NKzuKpo3cPUGYnF3IvnWe5J1Ses5nFYuFcql\nntDh7C5Bq8lh7NmZb3MGznYQWK1KuXODJeXzqIM/PaIel0IMLSdCzHID0ddybz2R\n/vWLpuVFqdGizUw++Vlo7iVQnhghp3K/ghYRlFubWXnVCSM3Xhj7xcLXPlPTyZXg\nm6ngSFyLew/TkoEZ6eWwJDhb3wQ1mbcDCEmPS56QJEZ2TBlgO69ec8umJ4XdJnd0\nWEDlN8WmWp81ZahTIqKCnbM74fjiNH1oy0qhOlXJ5Td8dCAn3m1R4mVc+ON2umie\nlw5D2wN5wZQrTiYW8F0ED2P//2n5hUoFDRtnU5F5RHHI+7TqPn+bmtHjF/lGuQIx\niYKTllJl/dPW71+npiz/aNS+N6c2ug7JinFfJffHktyH8+/XBej7s/jL5V88BLSl\nN0AXlrz1Cj97d4MWE/DwMOpwrts9UWCzNn2doA+qlLyG6rzU4rcxxCpqi8mPEtyW\n6qHL1y5zOYwCWfLUQr3UmOAPDSVEnqQWAj4j3YgeJ0CbwN1efZMqvbht8U0CAwEA\nAQKCAgEAvJRpJsz4dQsdwPlWp7Tn/YTOP73wCcVV6OHiLdGCaE4oVmzV6ScMHQJp\ndL9X0CSlD1eduvtwcsNm2qge8yeN7uVzDAFCZKP5V0OejgvZsnRwqT4FBiCfw+44\ni2gS128Uq+urxDQNcYvM0Wkp3/MtRw+6fUzvh7151/kszqp9DY/cDInqFA++/k9u\nLzk22fvz6GjI2d+IVRqC+qFn6z7NYBfx3tYeVOxHNDZbLjofkfwIS9IcsyWsQYPp\nLj7w2dXRAHSXZwija9goyTUbptg3K0YrJk7sYyTG5F5BhHsk9iWDo/xGi/AQPDuU\nkI4hYoa6bpstPcJX2P930K0zmoq/jZH3qngB8Lc2L5Q4ojHpYbZRyIg7wJ4JjH6t\nDfdqcIVb+iSpccSiepluKck2gD099aTCh+ii+U4O6ldyguXZXMzh+Ca9uAW4gIhf\nuMsoNDo/I2Yo4uVyK8AKIEVCUkdZgJ/14JZy+VlHQykRgtUdYgVWnYFE99CB4//f\nXbU0n3FQlQ4iY+2Z5/S2k/2tRf2OHje9T8NgbKkoIF5NwvjsDsKzUwpJeWS63jZ4\nj039ninyAklgpH+airztZw4JT8EXJtDGRYlOS+tkefyoRZ8ocXlHDf4hO4/VTBo8\np5spcMecY5Aq5/+iMph9ewD3KTF8t5WjvKyW+UUDO8fpPqeH0AECggEBAPxv1Lc6\nsh9tF1H5XR7s0YUDWDHqtQB4EOj0BSldeMaSiYdrUWiiG/iF/XIlOh3Q4zEbhNym\n9ctn3eeS4kJvQOnwKLrffCQHm1bZor86hhjpnMofa3bIdQ/z+3qlPG70giMcVtgx\nNbBa0Yf4L3K5+HfE0OieL3ee8q6sNjW12EVhVqXtiOQeDZMvrRNLzLMuL9N8WsJm\n4IbnP8ZVnn98kRBLKxCAMrf5+Co4viLe3221ZTEhqoxswTlV8Jm6NrZzOiuOQaOO\nkdbVO/PEzel/ymBnZKWsadI+oykUcCXYllm4xPrhi/CkbDupq0c9/CMw9oYOOicQ\nw8x1DraEWYHIxU0CggEBAMdYO9qS6oe/Q+9kmSiDdfN7PK8RGpDH2+WpBwJLi6qw\nTylBChGnIsRvFAze/5J1fTC9ppMeF5XswKHFr1LtxeQKTPY4HwBNRHR60aQYsNEH\nRhdYKIdAz5cNh6FQE2j+WOL0Px4/Hwc5iAbJUsKDaIybvwyroo/ZVh6STFYk8pRp\n0HrBVAD4Wd6MM1lWthKSnjnoiAO3wc+IOGjxK0I9cZKZlBHTclH4G2oJJszv3ivk\nuhZc/GvOV+GsmVsVVLQxHurkzCzirkqYtYsJHVPzss6EkCPjV6EaKWIufBpIYiuT\n9b5+OYGENtVzNoDRD4Mn/jP882W50mHqkNoUo3nz3AECggEBANBaTSveml4t4G2c\ncCuyM0yh8g1hN3vnna1om0oFCEZ9dF39SfgetQ9vKD0qVMl/O8WwfPzSIVV9qT4V\nkgJbaSytODDlfMUQMjqA7z7+wueVCgAZ5sznrxc3vX0BHNxHm5H3NgbCtxmUHBUp\n15/NtzLDk9orleoZmxxor2WtbY/2Q1o4sB/4XiP52dRvX8kUeg0IOrDx0KgH/i9p\nQ6Td362fHTBFX5dSDm5q3yRQ6ADZE2h17RpyORllwWxgsf/tIzoH9E1WwzCaVx1g\ndsQe4Z6oN/42TDFn2atyXw4dshrj0lFwD9zTGTI1XFU06ALzysXiwES2JaV/iGFE\n48unNpECggEAIWOM+uo6sCwAE/vUj22ddv/ARU5nFbL0CP6Ltv2yUg+f4rgLGLPW\n5fH4+MLtKbnWEzDg0qlqp+j0xuPWntxGlhCHnYH+500J1zyvGn4sN4axXb2dZDId\n0x4oBoPkDGT1vGXOoKFP8CTZvNFBtGTQQSThFh01aESt4Qb+FDuyCdvDWJxDFrqC\nSv1OqHsWmfvG1so05fKEWt9lG2axqTGjcTuaCnZRIpuc8+C+h/rxSobQCGjguqng\nHGONeC0Vd+z2Ub+q1yXMrZ/wYG5RZDtgSqj3f5tXlRtNrS0+CiTvlH7+3T5FIYVk\nrdHTYjYiFATB1jFbD0HVlCL2yiBE1WtcAQKCAQAHDtail5svSj8bX7OGnDR0aFaW\nI5GayZeCOhGeWCttiF/X7rUAQXk98blpcCbpe0Ym5pMwowSKxOUAt9L18dxprv5s\n9Mmz6I605LkxX8p1SNyTZEfyin+ViFZD7q1HTAno19htHdOC1IzQS4esimOP3uXk\no/HYzpUkyPhaUPKKn/0xRL5jV5b2WnOherNXHG54rvegDa2rQlpeTR2/zgDdG8Dl\nqaCDShkyLfS6vt7JHOgJDgun4VLzDd6dCpMeD6inGbualwWK+h0xIGwe1t6UAUb8\njmiVWDHQzU75uqRlM2X4aULRnCEtkaEgrFol08s3sXlBZFUf3+Tjv4azmqUs\n-----END RSA PRIVATE KEY-----\n",
            "private_key_pem_pkcs8": "-----BEGIN PRIVATE KEY-----\nMIIJQwIBADANBgkqhkiG9w0BAQEFAASCCS0wggkpAgEAAoICAQDEke/Q270NnCYc\nifbHHMxDPDL627MsiavIJtcXJXbyIUjhuTohsXIeJiVE1+7EN5NRcNn+PNZHMneY\nHl15os2faJsWvd+GEgNcMPcs3iJ20BGD4Y2LjEYRbUQZALSWBooh5wGyh/X1IjU0\nrO4qmjdw9QZicXci+dZ7knVJ6zmcVi4VyqWe0OHsLkGryWHs2ZlvcwbOdhBYrUq5\nc4Ml5fOogz89oh6XQgwtJ0LMcgPR13JvPZH+9Yum5UWp0aLNTD75WWjuJVCeGCGn\ncr+CFhGUW5tZedUJIzdeGPvFwtc+U9PJleCbqeBIXIt7D9OSgRnp5bAkOFvfBDWZ\ntwMISY9LnpAkRnZMGWA7r15zy6Ynhd0md3RYQOU3xaZanzVlqFMiooKdszvh+OI0\nfWjLSqE6VcnlN3x0ICfebVHiZVz443a6aJ6XDkPbA3nBlCtOJhbwXQQPY///afmF\nSgUNG2dTkXlEccj7tOo+f5ua0eMX+Ua5AjGJgpOWUmX909bvX6emLP9o1L43pza6\nDsmKcV8l98eS3Ifz79cF6Puz+MvlXzwEtKU3QBeWvPUKP3t3gxYT8PAw6nCu2z1R\nYLM2fZ2gD6qUvIbqvNTitzHEKmqLyY8S3JbqocvXLnM5jAJZ8tRCvdSY4A8NJUSe\npBYCPiPdiB4nQJvA3V59kyq9uG3xTQIDAQABAoICAQC8lGkmzPh1Cx3A+VantOf9\nhM4/vfAJxVXo4eIt0YJoTihWbNXpJwwdAml0v1fQJKUPV526+3Byw2baqB7zJ43u\n5XMMAUJko/lXQ56OC9mydHCpPgUGIJ/D7jiLaBLXbxSr66vENA1xi8zRaSnf8y1H\nD7p9TO+HvXnX+SzOqn0Nj9wMieoUD77+T24vOTbZ+/PoaMjZ34hVGoL6oWfrPs1g\nF/He1h5U7Ec0NlsuOh+R/AhL0hyzJaxBg+kuPvDZ1dEAdJdnCKNr2CjJNRum2Dcr\nRismTuxjJMbkXkGEeyT2JYOj/EaL8BA8O5SQjiFihrpumy09wlfY/3fQrTOair+N\nkfeqeAHwtzYvlDiiMelhtlHIiDvAngmMfq0N92pwhVv6JKlxxKJ6mW4pyTaAPT31\npMKH6KL5Tg7qV3KC5dlczOH4Jr24BbiAiF+4yyg0Oj8jZiji5XIrwAogRUJSR1mA\nn/XglnL5WUdDKRGC1R1iBVadgUT30IHj/99dtTSfcVCVDiJj7Znn9LaT/a1F/Y4e\nN71Pw2BsqSggXk3C+OwOwrNTCkl5ZLreNniPTf2eKfICSWCkf5qKvO1nDglPwRcm\n0MZFiU5L62R5/KhFnyhxeUcN/iE7j9VMGjynmylwx5xjkCrn/6IymH17APcpMXy3\nlaO8rJb5RQM7x+k+p4fQAQKCAQEA/G/UtzqyH20XUfldHuzRhQNYMeq1AHgQ6PQF\nKV14xpKJh2tRaKIb+IX9ciU6HdDjMRuE3Kb1y2fd55LiQm9A6fAout98JAebVtmi\nvzqGGOmcyh9rdsh1D/P7eqU8bvSCIxxW2DE1sFrRh/gvcrn4d8TQ6J4vd57yrqw2\nNbXYRWFWpe2I5B4Nky+tE0vMsy4v03xawmbghuc/xlWef3yREEsrEIAyt/n4Kji+\nIt7fbbVlMSGqjGzBOVXwmbo2tnM6K45Bo46R1tU788TN6X/KYGdkpaxp0j6jKRRw\nJdiWWbjE+uGL8KRsO6mrRz38IzD2hg46JxDDzHUOtoRZgcjFTQKCAQEAx1g72pLq\nh79D72SZKIN183s8rxEakMfb5akHAkuLqrBPKUEKEacixG8UDN7/knV9ML2mkx4X\nlezAocWvUu3F5ApM9jgfAE1EdHrRpBiw0QdGF1goh0DPlw2HoVATaP5Y4vQ/Hj8f\nBzmIBslSwoNojJu/DKuij9lWHpJMViTylGnQesFUAPhZ3owzWVa2EpKeOeiIA7fB\nz4g4aPErQj1xkpmUEdNyUfgbagkmzO/eK+S6Flz8a85X4ayZWxVUtDEe6uTMLOKu\nSpi1iwkdU/OyzoSQI+NXoRopYi58GkhiK5P1vn45gYQ21XM2gNEPgyf+M/zzZbnS\nYeqQ2hSjefPcAQKCAQEA0FpNK96aXi3gbZxwK7IzTKHyDWE3e+edrWibSgUIRn10\nXf1J+B61D28oPSpUyX87xbB8/NIhVX2pPhWSAltpLK04MOV8xRAyOoDvPv7C55UK\nABnmzOevFze9fQEc3Eebkfc2BsK3GZQcFSnXn823MsOT2iuV6hmbHGivZa1tj/ZD\nWjiwH/heI/nZ1G9fyRR6DQg6sPHQqAf+L2lDpN3frZ8dMEVfl1IObmrfJFDoANkT\naHXtGnI5GWXBbGCx/+0jOgf0TVbDMJpXHWB2xB7hnqg3/jZMMWfZq3JfDh2yGuPS\nUXAP3NMZMjVcVTToAvPKxeLARLYlpX+IYUTjy6c2kQKCAQAhY4z66jqwLAAT+9SP\nbZ12/8BFTmcVsvQI/ou2/bJSD5/iuAsYs9bl8fj4wu0pudYTMODSqWqn6PTG49ae\n3EaWEIedgf7nTQnXPK8afiw3hrFdvZ1kMh3THigGg+QMZPW8Zc6goU/wJNm80UG0\nZNBBJOEWHTVoRK3hBv4UO7IJ28NYnEMWuoJK/U6oexaZ+8bWyjTl8oRa32UbZrGp\nMaNxO5oKdlEim5zz4L6H+vFKhtAIaOC6qeAcY414LRV37PZRv6rXJcytn/BgblFk\nO2BKqPd/m1eVG02tLT4KJO+Ufv7dPkUhhWSt0dNiNiIUBMHWMVsPQdWUIvbKIETV\na1wBAoIBAAcO1qKXmy9KPxtfs4acNHRoVpYjkZrJl4I6EZ5YK22IX9futQBBeT3x\nuWlwJul7RibmkzCjBIrE5QC30vXx3Gmu/mz0ybPojrTkuTFfynVI3JNkR/KKf5WI\nVkPurUdMCejX2G0d04LUjNBLh6yKY4/e5eSj8djOlSTI+FpQ8oqf/TFEvmNXlvZa\nc6F6s1ccbniu96ANratCWl5NHb/OAN0bwOWpoINKGTIt9Lq+3skc6AkOC6fhUvMN\n3p0Kkx4PqKcZu5qXBYr6HTEgbB7W3pQBRvyOaJVYMdDNTvm6pGUzZfhpQtGcIS2R\noSCsWiXTyzexeUFkVR/f5OO/hrOapSw=\n-----END PRIVATE KEY-----\n",
            "public_key_fingerprint_md5": "fd:d8:4c:1a:97:44:b4:fe:aa:7f:3a:8b:ed:f8:7c:a0",
            "public_key_fingerprint_sha256": "SHA256:j41oP3Hz6x3JIV2Ms6/t+3x4H9Ugg5eiNxiSLQ+qrhE",
            "public_key_openssh": "ssh-rsa AAAAB3NzaC1yc2EAAAADAQABAAACAQDEke/Q270NnCYcifbHHMxDPDL627MsiavIJtcXJXbyIUjhuTohsXIeJiVE1+7EN5NRcNn+PNZHMneYHl15os2faJsWvd+GEgNcMPcs3iJ20BGD4Y2LjEYRbUQZALSWBooh5wGyh/X1IjU0rO4qmjdw9QZicXci+dZ7knVJ6zmcVi4VyqWe0OHsLkGryWHs2ZlvcwbOdhBYrUq5c4Ml5fOogz89oh6XQgwtJ0LMcgPR13JvPZH+9Yum5UWp0aLNTD75WWjuJVCeGCGncr+CFhGUW5tZedUJIzdeGPvFwtc+U9PJleCbqeBIXIt7D9OSgRnp5bAkOFvfBDWZtwMISY9LnpAkRnZMGWA7r15zy6Ynhd0md3RYQOU3xaZanzVlqFMiooKdszvh+OI0fWjLSqE6VcnlN3x0ICfebVHiZVz443a6aJ6XDkPbA3nBlCtOJhbwXQQPY///afmFSgUNG2dTkXlEccj7tOo+f5ua0eMX+Ua5AjGJgpOWUmX909bvX6emLP9o1L43pza6DsmKcV8l98eS3Ifz79cF6Puz+MvlXzwEtKU3QBeWvPUKP3t3gxYT8PAw6nCu2z1RYLM2fZ2gD6qUvIbqvNTitzHEKmqLyY8S3JbqocvXLnM5jAJZ8tRCvdSY4A8NJUSepBYCPiPdiB4nQJvA3V59kyq9uG3xTQ==\n",
            "public_key_pem": "-----BEGIN PUBLIC KEY-----\nMIICIjANBgkqhkiG9w0BAQEFAAOCAg8AMIICCgKCAgEAxJHv0Nu9DZwmHIn2xxzM\nQzwy+tuzLImryCbXFyV28iFI4bk6IbFyHiYlRNfuxDeTUXDZ/jzWRzJ3mB5deaLN\nn2ibFr3fhhIDXDD3LN4idtARg+GNi4xGEW1EGQC0lgaKIecBsof19SI1NKzuKpo3\ncPUGYnF3IvnWe5J1Ses5nFYuFcqlntDh7C5Bq8lh7NmZb3MGznYQWK1KuXODJeXz\nqIM/PaIel0IMLSdCzHID0ddybz2R/vWLpuVFqdGizUw++Vlo7iVQnhghp3K/ghYR\nlFubWXnVCSM3Xhj7xcLXPlPTyZXgm6ngSFyLew/TkoEZ6eWwJDhb3wQ1mbcDCEmP\nS56QJEZ2TBlgO69ec8umJ4XdJnd0WEDlN8WmWp81ZahTIqKCnbM74fjiNH1oy0qh\nOlXJ5Td8dCAn3m1R4mVc+ON2umielw5D2wN5wZQrTiYW8F0ED2P//2n5hUoFDRtn\nU5F5RHHI+7TqPn+bmtHjF/lGuQIxiYKTllJl/dPW71+npiz/aNS+N6c2ug7JinFf\nJffHktyH8+/XBej7s/jL5V88BLSlN0AXlrz1Cj97d4MWE/DwMOpwrts9UWCzNn2d\noA+qlLyG6rzU4rcxxCpqi8mPEtyW6qHL1y5zOYwCWfLUQr3UmOAPDSVEnqQWAj4j\n3YgeJ0CbwN1efZMqvbht8U0CAwEAAQ==\n-----END PUBLIC KEY-----\n",
            "rsa_bits": 4096
          },
          "sensitive_attributes": [
            [
              {
                "type": "get_attr",
                "value": "private_key_pem_pkcs8"
              }
            ],
            [
              {
                "type": "get_attr",
                "value": "private_key_pem"
              }
            ],
            [
              {
                "type": "get_attr",
                "value": "private_key_openssh"
              }
            ]
          ]
        }
      ]
    }
  ],
  "check_results": null
}
